
Microsoft Visual Studio Solution File, Format Version 12.00
# Visual Studio Version 17
VisualStudioVersion = 17.2.32630.192
MinimumVisualStudioVersion = 10.0.40219.1
Project("{9A19103F-16F7-4668-BE54-9A1E7A4F7556}") = "CBO_API", "CBO_API\CBO_API.csproj", "{6208CDD1-989E-4A57-88FB-12D06B207B61}"
EndProject
Project("{9A19103F-16F7-4668-BE54-9A1E7A4F7556}") = "CBO_BLL", "CBO_BLL\CBO_BLL.csproj", "{178B75F8-5E89-4783-9ACD-950C77BDEFA9}"
EndProject
Project("{9A19103F-16F7-4668-BE54-9A1E7A4F7556}") = "CBO_BLL_Infra", "CBO_BLL_Infra\CBO_BLL_Infra.csproj", "{05915DBC-CA3A-4815-A8A6-2AD26E60BD65}"
EndProject
Project("{9A19103F-16F7-4668-BE54-9A1E7A4F7556}") = "CBO_IoC", "CBO_IoC\CBO_IoC.csproj", "{3A9CE348-93A2-4E68-BB23-21A91BD562F7}"
EndProject
Project("{9A19103F-16F7-4668-BE54-9A1E7A4F7556}") = "CBO_MDE", "CBO_MDE\CBO_MDE.csproj", "{2335A71A-27A2-4833-9CBE-609241EB0578}"
EndProject
Project("{FAE04EC0-301F-11D3-BF4B-00C04F79EFBC}") = "CBO_Repository", "CBO_Repository\CBO_Repository.csproj", "{721B3AB0-4024-4D49-BB7D-8BAC1797E327}"
EndProject
Project("{FAE04EC0-301F-11D3-BF4B-00C04F79EFBC}") = "CBO_Repository_Infra", "CBO_Repository_Infra\CBO_Repository_Infra.csproj", "{B6EC8171-C1B4-4AF7-BDE6-A9FF8435F81E}"
EndProject
Global
	GlobalSection(SolutionConfigurationPlatforms) = preSolution
		Debug|Any CPU = Debug|Any CPU
		Release|Any CPU = Release|Any CPU
	EndGlobalSection
	GlobalSection(ProjectConfigurationPlatforms) = postSolution
		{6208CDD1-989E-4A57-88FB-12D06B207B61}.Debug|Any CPU.ActiveCfg = Debug|Any CPU
		{6208CDD1-989E-4A57-88FB-12D06B207B61}.Debug|Any CPU.Build.0 = Debug|Any CPU
		{6208CDD1-989E-4A57-88FB-12D06B207B61}.Release|Any CPU.ActiveCfg = Release|Any CPU
		{6208CDD1-989E-4A57-88FB-12D06B207B61}.Release|Any CPU.Build.0 = Release|Any CPU
		{178B75F8-5E89-4783-9ACD-950C77BDEFA9}.Debug|Any CPU.ActiveCfg = Debug|Any CPU
		{178B75F8-5E89-4783-9ACD-950C77BDEFA9}.Debug|Any CPU.Build.0 = Debug|Any CPU
		{178B75F8-5E89-4783-9ACD-950C77BDEFA9}.Release|Any CPU.ActiveCfg = Release|Any CPU
		{178B75F8-5E89-4783-9ACD-950C77BDEFA9}.Release|Any CPU.Build.0 = Release|Any CPU
		{05915DBC-CA3A-4815-A8A6-2AD26E60BD65}.Debug|Any CPU.ActiveCfg = Debug|Any CPU
		{05915DBC-CA3A-4815-A8A6-2AD26E60BD65}.Debug|Any CPU.Build.0 = Debug|Any CPU
		{05915DBC-CA3A-4815-A8A6-2AD26E60BD65}.Release|Any CPU.ActiveCfg = Release|Any CPU
		{05915DBC-CA3A-4815-A8A6-2AD26E60BD65}.Release|Any CPU.Build.0 = Release|Any CPU
		{3A9CE348-93A2-4E68-BB23-21A91BD562F7}.Debug|Any CPU.ActiveCfg = Debug|Any CPU
		{3A9CE348-93A2-4E68-BB23-21A91BD562F7}.Debug|Any CPU.Build.0 = Debug|Any CPU
		{3A9CE348-93A2-4E68-BB23-21A91BD562F7}.Release|Any CPU.ActiveCfg = Release|Any CPU
		{3A9CE348-93A2-4E68-BB23-21A91BD562F7}.Release|Any CPU.Build.0 = Release|Any CPU
		{2335A71A-27A2-4833-9CBE-609241EB0578}.Debug|Any CPU.ActiveCfg = Debug|Any CPU
		{2335A71A-27A2-4833-9CBE-609241EB0578}.Debug|Any CPU.Build.0 = Debug|Any CPU
		{2335A71A-27A2-4833-9CBE-609241EB0578}.Release|Any CPU.ActiveCfg = Release|Any CPU
		{2335A71A-27A2-4833-9CBE-609241EB0578}.Release|Any CPU.Build.0 = Release|Any CPU
		{721B3AB0-4024-4D49-BB7D-8BAC1797E327}.Debug|Any CPU.ActiveCfg = Debug|Any CPU
		{721B3AB0-4024-4D49-BB7D-8BAC1797E327}.Debug|Any CPU.Build.0 = Debug|Any CPU
		{721B3AB0-4024-4D49-BB7D-8BAC1797E327}.Release|Any CPU.ActiveCfg = Release|Any CPU
		{721B3AB0-4024-4D49-BB7D-8BAC1797E327}.Release|Any CPU.Build.0 = Release|Any CPU
		{B6EC8171-C1B4-4AF7-BDE6-A9FF8435F81E}.Debug|Any CPU.ActiveCfg = Debug|Any CPU
		{B6EC8171-C1B4-4AF7-BDE6-A9FF8435F81E}.Debug|Any CPU.Build.0 = Debug|Any CPU
		{B6EC8171-C1B4-4AF7-BDE6-A9FF8435F81E}.Release|Any CPU.ActiveCfg = Release|Any CPU
		{B6EC8171-C1B4-4AF7-BDE6-A9FF8435F81E}.Release|Any CPU.Build.0 = Release|Any CPU
	EndGlobalSection
	GlobalSection(SolutionProperties) = preSolution
		HideSolutionNode = FALSE
	EndGlobalSection
	GlobalSection(ExtensibilityGlobals) = postSolution
		SolutionGuid = {0A3D2F4D-975D-4C37-9156-EA9092C9B86E}
	EndGlobalSection
EndGlobal
